<Solution>
  <Folder Name="/benchmarks/">
    <Project Path="benchmarks/AdamE.AppNav.Benchmarks/AdamE.AppNav.Benchmarks.csproj" />
  </Folder>
  <Folder Name="/docs/">
    <File Path="docs/index.md" />
  </Folder>
  <Folder Name="/docs/advanced/">
    <File Path="docs/advanced/adapter-contract.md" />
    <File Path="docs/advanced/route-owned-presentation-pages.md" />
  </Folder>
  <Folder Name="/docs/concepts/">
    <File Path="docs/concepts/00-why-appnav.md" />
    <File Path="docs/concepts/01-routing-and-metadata.md" />
    <File Path="docs/concepts/02-topology-and-planning.md" />
    <File Path="docs/concepts/03-requests-and-provenance.md" />
  </Folder>
  <Folder Name="/docs/guides/">
    <File Path="docs/guides/01-getting-started.md" />
    <File Path="docs/guides/02-maui-integration.md" />
    <File Path="docs/guides/03-application-architecture-and-testing.md" />
    <File Path="docs/guides/04-navigation-outcomes-and-failure-handling.md" />
    <File Path="docs/guides/05-external-navigation.md" />
    <File Path="docs/guides/06-deferred-navigation.md" />
    <File Path="docs/guides/07-troubleshooting.md" />
  </Folder>
  <Folder Name="/docs/maintainers/">
    <File Path="docs/maintainers/app-route-request-dogfood-checkpoint.md" />
    <File Path="docs/maintainers/release-checklist.md" />
    <File Path="docs/maintainers/testing.md" />
  </Folder>
  <Folder Name="/docs/reference/">
    <File Path="docs/reference/diagnostics.md" />
    <File Path="docs/reference/glossary.md" />
    <File Path="docs/reference/source-generator-diagnostics.md" />
  </Folder>
  <Folder Name="/docs/release-notes/">
    <File Path="docs/release-notes/0.1.0-preview.1.md" />
    <File Path="docs/release-notes/index.md" />
  </Folder>
  <Folder Name="/samples/">
    <Project Path="samples/Commerce.Sample/Commerce.Sample.csproj" />
    <Project Path="samples/GettingStarted.Sample/GettingStarted.Sample.csproj" />
  </Folder>
  <Folder Name="/scripts/">
    <File Path="scripts/sonar-scan.sh" />
  </Folder>
  <Folder Name="/src/">
    <Project Path="src/AdamE.AppNav.Generators/AdamE.AppNav.Generators.csproj" />
    <Project Path="src/AdamE.AppNav.Maui.Generators/AdamE.AppNav.Maui.Generators.csproj" />
    <Project Path="src/AdamE.AppNav.Maui/AdamE.AppNav.Maui.csproj" />
    <Project Path="src/AdamE.AppNav/AdamE.AppNav.csproj" />
  </Folder>
  <Folder Name="/tests/">
    <Project Path="tests/AdamE.AppNav.AdapterContract.Tests/AdamE.AppNav.AdapterContract.Tests.csproj" />
    <Project Path="tests/AdamE.AppNav.Generators.Tests/AdamE.AppNav.Generators.Tests.csproj" />
    <Project Path="tests/AdamE.AppNav.Maui.Generators.Tests/AdamE.AppNav.Maui.Generators.Tests.csproj" />
    <Project Path="tests/AdamE.AppNav.Maui.Tests/AdamE.AppNav.Maui.Tests.csproj" />
    <Project Path="tests/AdamE.AppNav.Tests/AdamE.AppNav.Tests.csproj" />
  </Folder>
</Solution>
